# THIS IS AN AUTOGENERATED FILE. DO NOT EDIT THIS FILE DIRECTLY.
# yarn lockfile v1


cookie@^0.1.2:
  version "0.1.5"
  resolved "https://registry.yarnpkg.com/cookie/-/cookie-0.1.5.tgz#6ab9948a4b1ae21952cd2588530a4722d4044d7c"
  integrity sha1-armUiksa4hlSzSWIUwpHItQETXw=

isomorphic-cookie@^1.2.4:
  version "1.2.4"
  resolved "https://registry.yarnpkg.com/isomorphic-cookie/-/isomorphic-cookie-1.2.4.tgz#b23cc170b4430be1af7cef659bcb77776c8cc351"
  integrity sha512-Ua/H7NL/NqJyhM14gOisDwPQt5HCNohl23/i8g68EoItOoPQEydG+ZJ0A0i815FSiUQ+0ImtSLdo6d1psus/IQ==
  dependencies:
    cookie "^0.1.2"
    lodash.pick "^4.4.0"

lodash.pick@^4.4.0:
  version "4.4.0"
  resolved "https://registry.yarnpkg.com/lodash.pick/-/lodash.pick-4.4.0.tgz#52f05610fff9ded422611441ed1fc123a03001b3"
  integrity sha1-UvBWEP/53tQiYRRB7R/BI6AwAbM=
